
Microsoft Visual Studio Solution File, Format Version 10.00
# Visual Studio 2008
Project("{FAE04EC0-301F-11D3-BF4B-00C04F79EFBC}") = "GrinGlobal.Core", "GrinGlobal.Core\GrinGlobal.Core.csproj", "{3D5A6988-05FF-47CF-ABA2-79483A9ACA3A}"
EndProject
Project("{FAE04EC0-301F-11D3-BF4B-00C04F79EFBC}") = "GrinGlobal.Core.TestHarness", "GrinGlobal.Core.TestHarness\GrinGlobal.Core.TestHarness.csproj", "{4CC58B7A-E83A-42D5-B4AE-CD18E3B18233}"
EndProject
Global
	GlobalSection(SolutionConfigurationPlatforms) = preSolution
		Debug|Any CPU = Debug|Any CPU
		Release|Any CPU = Release|Any CPU
	EndGlobalSection
	GlobalSection(ProjectConfigurationPlatforms) = postSolution
		{3D5A6988-05FF-47CF-ABA2-79483A9ACA3A}.Debug|Any CPU.ActiveCfg = Debug|Any CPU
		{3D5A6988-05FF-47CF-ABA2-79483A9ACA3A}.Debug|Any CPU.Build.0 = Debug|Any CPU
		{3D5A6988-05FF-47CF-ABA2-79483A9ACA3A}.Release|Any CPU.ActiveCfg = Release|Any CPU
		{3D5A6988-05FF-47CF-ABA2-79483A9ACA3A}.Release|Any CPU.Build.0 = Release|Any CPU
		{4CC58B7A-E83A-42D5-B4AE-CD18E3B18233}.Debug|Any CPU.ActiveCfg = Debug|Any CPU
		{4CC58B7A-E83A-42D5-B4AE-CD18E3B18233}.Debug|Any CPU.Build.0 = Debug|Any CPU
		{4CC58B7A-E83A-42D5-B4AE-CD18E3B18233}.Release|Any CPU.ActiveCfg = Release|Any CPU
		{4CC58B7A-E83A-42D5-B4AE-CD18E3B18233}.Release|Any CPU.Build.0 = Release|Any CPU
	EndGlobalSection
	GlobalSection(SolutionProperties) = preSolution
		HideSolutionNode = FALSE
	EndGlobalSection
EndGlobal
